
Microsoft Visual Studio Solution File, Format Version 12.00
# Visual Studio Version 17
VisualStudioVersion = 17.0.31903.59
MinimumVisualStudioVersion = 10.0.40219.1
Project("{2150E333-8FDC-42A3-9474-1A3956D46DE8}") = "src", "src", "{8C3E6F4D-8B5E-4F3E-9C3A-5D7E8F9A0B1C}"
EndProject
Project("{2150E333-8FDC-42A3-9474-1A3956D46DE8}") = "Backend", "Backend", "{1A2B3C4D-5E6F-7A8B-9C0D-1E2F3A4B5C6D}"
EndProject
Project("{2150E333-8FDC-42A3-9474-1A3956D46DE8}") = "Frontend", "Frontend", "{2B3C4D5E-6F7A-8B9C-0D1E-2F3A4B5C6D7E}"
EndProject
Project("{2150E333-8FDC-42A3-9474-1A3956D46DE8}") = "Plugins", "Plugins", "{3C4D5E6F-7A8B-9C0D-1E2F-3A4B5C6D7E8F}"
EndProject
Project("{2150E333-8FDC-42A3-9474-1A3956D46DE8}") = "tests", "tests", "{4D5E6F7A-8B9C-0D1E-2F3A-4B5C6D7E8F9A}"
EndProject
Project("{FAE04EC0-301F-11D3-BF4B-00C04F79EFBC}") = "VanDaemon.Api", "src\Backend\VanDaemon.Api\VanDaemon.Api.csproj", "{5E6F7A8B-9C0D-1E2F-3A4B-5C6D7E8F9A0B}"
EndProject
Project("{FAE04EC0-301F-11D3-BF4B-00C04F79EFBC}") = "VanDaemon.Core", "src\Backend\VanDaemon.Core\VanDaemon.Core.csproj", "{6F7A8B9C-0D1E-2F3A-4B5C-6D7E8F9A0B1C}"
EndProject
Project("{FAE04EC0-301F-11D3-BF4B-00C04F79EFBC}") = "VanDaemon.Application", "src\Backend\VanDaemon.Application\VanDaemon.Application.csproj", "{7A8B9C0D-1E2F-3A4B-5C6D-7E8F9A0B1C2D}"
EndProject
Project("{FAE04EC0-301F-11D3-BF4B-00C04F79EFBC}") = "VanDaemon.Infrastructure", "src\Backend\VanDaemon.Infrastructure\VanDaemon.Infrastructure.csproj", "{8B9C0D1E-2F3A-4B5C-6D7E-8F9A0B1C2D3E}"
EndProject
Project("{FAE04EC0-301F-11D3-BF4B-00C04F79EFBC}") = "VanDaemon.Plugins.Abstractions", "src\Backend\VanDaemon.Plugins\VanDaemon.Plugins.Abstractions\VanDaemon.Plugins.Abstractions.csproj", "{9C0D1E2F-3A4B-5C6D-7E8F-9A0B1C2D3E4F}"
EndProject
Project("{FAE04EC0-301F-11D3-BF4B-00C04F79EFBC}") = "VanDaemon.Plugins.Modbus", "src\Backend\VanDaemon.Plugins\VanDaemon.Plugins.Modbus\VanDaemon.Plugins.Modbus.csproj", "{0D1E2F3A-4B5C-6D7E-8F9A-0B1C2D3E4F5A}"
EndProject
Project("{FAE04EC0-301F-11D3-BF4B-00C04F79EFBC}") = "VanDaemon.Plugins.I2C", "src\Backend\VanDaemon.Plugins\VanDaemon.Plugins.I2C\VanDaemon.Plugins.I2C.csproj", "{1E2F3A4B-5C6D-7E8F-9A0B-1C2D3E4F5A6B}"
EndProject
Project("{FAE04EC0-301F-11D3-BF4B-00C04F79EFBC}") = "VanDaemon.Plugins.Victron", "src\Backend\VanDaemon.Plugins\VanDaemon.Plugins.Victron\VanDaemon.Plugins.Victron.csproj", "{2F3A4B5C-6D7E-8F9A-0B1C-2D3E4F5A6B7C}"
EndProject
Project("{FAE04EC0-301F-11D3-BF4B-00C04F79EFBC}") = "VanDaemon.Plugins.Simulated", "src\Backend\VanDaemon.Plugins\VanDaemon.Plugins.Simulated\VanDaemon.Plugins.Simulated.csproj", "{3A4B5C6D-7E8F-9A0B-1C2D-3E4F5A6B7C8D}"
EndProject
Project("{FAE04EC0-301F-11D3-BF4B-00C04F79EFBC}") = "VanDaemon.Web", "src\Frontend\VanDaemon.Web\VanDaemon.Web.csproj", "{4B5C6D7E-8F9A-0B1C-2D3E-4F5A6B7C8D9E}"
EndProject
Project("{FAE04EC0-301F-11D3-BF4B-00C04F79EFBC}") = "VanDaemon.Api.Tests", "tests\VanDaemon.Api.Tests\VanDaemon.Api.Tests.csproj", "{5C6D7E8F-9A0B-1C2D-3E4F-5A6B7C8D9E0F}"
EndProject
Project("{FAE04EC0-301F-11D3-BF4B-00C04F79EFBC}") = "VanDaemon.Application.Tests", "tests\VanDaemon.Application.Tests\VanDaemon.Application.Tests.csproj", "{6D7E8F9A-0B1C-2D3E-4F5A-6B7C8D9E0F1A}"
EndProject
Project("{FAE04EC0-301F-11D3-BF4B-00C04F79EFBC}") = "VanDaemon.Infrastructure.Tests", "tests\VanDaemon.Infrastructure.Tests\VanDaemon.Infrastructure.Tests.csproj", "{7E8F9A0B-1C2D-3E4F-5A6B-7C8D9E0F1A2B}"
EndProject
Global
	GlobalSection(SolutionConfigurationPlatforms) = preSolution
		Debug|Any CPU = Debug|Any CPU
		Release|Any CPU = Release|Any CPU
	EndGlobalSection
	GlobalSection(ProjectConfigurationPlatforms) = postSolution
		{5E6F7A8B-9C0D-1E2F-3A4B-5C6D7E8F9A0B}.Debug|Any CPU.ActiveCfg = Debug|Any CPU
		{5E6F7A8B-9C0D-1E2F-3A4B-5C6D7E8F9A0B}.Debug|Any CPU.Build.0 = Debug|Any CPU
		{5E6F7A8B-9C0D-1E2F-3A4B-5C6D7E8F9A0B}.Release|Any CPU.ActiveCfg = Release|Any CPU
		{5E6F7A8B-9C0D-1E2F-3A4B-5C6D7E8F9A0B}.Release|Any CPU.Build.0 = Release|Any CPU
		{6F7A8B9C-0D1E-2F3A-4B5C-6D7E8F9A0B1C}.Debug|Any CPU.ActiveCfg = Debug|Any CPU
		{6F7A8B9C-0D1E-2F3A-4B5C-6D7E8F9A0B1C}.Debug|Any CPU.Build.0 = Debug|Any CPU
		{6F7A8B9C-0D1E-2F3A-4B5C-6D7E8F9A0B1C}.Release|Any CPU.ActiveCfg = Release|Any CPU
		{6F7A8B9C-0D1E-2F3A-4B5C-6D7E8F9A0B1C}.Release|Any CPU.Build.0 = Release|Any CPU
		{7A8B9C0D-1E2F-3A4B-5C6D-7E8F9A0B1C2D}.Debug|Any CPU.ActiveCfg = Debug|Any CPU
		{7A8B9C0D-1E2F-3A4B-5C6D-7E8F9A0B1C2D}.Debug|Any CPU.Build.0 = Debug|Any CPU
		{7A8B9C0D-1E2F-3A4B-5C6D-7E8F9A0B1C2D}.Release|Any CPU.ActiveCfg = Release|Any CPU
		{7A8B9C0D-1E2F-3A4B-5C6D-7E8F9A0B1C2D}.Release|Any CPU.Build.0 = Release|Any CPU
		{8B9C0D1E-2F3A-4B5C-6D7E-8F9A0B1C2D3E}.Debug|Any CPU.ActiveCfg = Debug|Any CPU
		{8B9C0D1E-2F3A-4B5C-6D7E-8F9A0B1C2D3E}.Debug|Any CPU.Build.0 = Debug|Any CPU
		{8B9C0D1E-2F3A-4B5C-6D7E-8F9A0B1C2D3E}.Release|Any CPU.ActiveCfg = Release|Any CPU
		{8B9C0D1E-2F3A-4B5C-6D7E-8F9A0B1C2D3E}.Release|Any CPU.Build.0 = Release|Any CPU
		{9C0D1E2F-3A4B-5C6D-7E8F-9A0B1C2D3E4F}.Debug|Any CPU.ActiveCfg = Debug|Any CPU
		{9C0D1E2F-3A4B-5C6D-7E8F-9A0B1C2D3E4F}.Debug|Any CPU.Build.0 = Debug|Any CPU
		{9C0D1E2F-3A4B-5C6D-7E8F-9A0B1C2D3E4F}.Release|Any CPU.ActiveCfg = Release|Any CPU
		{9C0D1E2F-3A4B-5C6D-7E8F-9A0B1C2D3E4F}.Release|Any CPU.Build.0 = Release|Any CPU
		{0D1E2F3A-4B5C-6D7E-8F9A-0B1C2D3E4F5A}.Debug|Any CPU.ActiveCfg = Debug|Any CPU
		{0D1E2F3A-4B5C-6D7E-8F9A-0B1C2D3E4F5A}.Debug|Any CPU.Build.0 = Debug|Any CPU
		{0D1E2F3A-4B5C-6D7E-8F9A-0B1C2D3E4F5A}.Release|Any CPU.ActiveCfg = Release|Any CPU
		{0D1E2F3A-4B5C-6D7E-8F9A-0B1C2D3E4F5A}.Release|Any CPU.Build.0 = Release|Any CPU
		{1E2F3A4B-5C6D-7E8F-9A0B-1C2D3E4F5A6B}.Debug|Any CPU.ActiveCfg = Debug|Any CPU
		{1E2F3A4B-5C6D-7E8F-9A0B-1C2D3E4F5A6B}.Debug|Any CPU.Build.0 = Debug|Any CPU
		{1E2F3A4B-5C6D-7E8F-9A0B-1C2D3E4F5A6B}.Release|Any CPU.ActiveCfg = Release|Any CPU
		{1E2F3A4B-5C6D-7E8F-9A0B-1C2D3E4F5A6B}.Release|Any CPU.Build.0 = Release|Any CPU
		{2F3A4B5C-6D7E-8F9A-0B1C-2D3E4F5A6B7C}.Debug|Any CPU.ActiveCfg = Debug|Any CPU
		{2F3A4B5C-6D7E-8F9A-0B1C-2D3E4F5A6B7C}.Debug|Any CPU.Build.0 = Debug|Any CPU
		{2F3A4B5C-6D7E-8F9A-0B1C-2D3E4F5A6B7C}.Release|Any CPU.ActiveCfg = Release|Any CPU
		{2F3A4B5C-6D7E-8F9A-0B1C-2D3E4F5A6B7C}.Release|Any CPU.Build.0 = Release|Any CPU
		{3A4B5C6D-7E8F-9A0B-1C2D-3E4F5A6B7C8D}.Debug|Any CPU.ActiveCfg = Debug|Any CPU
		{3A4B5C6D-7E8F-9A0B-1C2D-3E4F5A6B7C8D}.Debug|Any CPU.Build.0 = Debug|Any CPU
		{3A4B5C6D-7E8F-9A0B-1C2D-3E4F5A6B7C8D}.Release|Any CPU.ActiveCfg = Release|Any CPU
		{3A4B5C6D-7E8F-9A0B-1C2D-3E4F5A6B7C8D}.Release|Any CPU.Build.0 = Release|Any CPU
		{4B5C6D7E-8F9A-0B1C-2D3E-4F5A6B7C8D9E}.Debug|Any CPU.ActiveCfg = Debug|Any CPU
		{4B5C6D7E-8F9A-0B1C-2D3E-4F5A6B7C8D9E}.Debug|Any CPU.Build.0 = Debug|Any CPU
		{4B5C6D7E-8F9A-0B1C-2D3E-4F5A6B7C8D9E}.Release|Any CPU.ActiveCfg = Release|Any CPU
		{4B5C6D7E-8F9A-0B1C-2D3E-4F5A6B7C8D9E}.Release|Any CPU.Build.0 = Release|Any CPU
		{5C6D7E8F-9A0B-1C2D-3E4F-5A6B7C8D9E0F}.Debug|Any CPU.ActiveCfg = Debug|Any CPU
		{5C6D7E8F-9A0B-1C2D-3E4F-5A6B7C8D9E0F}.Debug|Any CPU.Build.0 = Debug|Any CPU
		{5C6D7E8F-9A0B-1C2D-3E4F-5A6B7C8D9E0F}.Release|Any CPU.ActiveCfg = Release|Any CPU
		{5C6D7E8F-9A0B-1C2D-3E4F-5A6B7C8D9E0F}.Release|Any CPU.Build.0 = Release|Any CPU
		{6D7E8F9A-0B1C-2D3E-4F5A-6B7C8D9E0F1A}.Debug|Any CPU.ActiveCfg = Debug|Any CPU
		{6D7E8F9A-0B1C-2D3E-4F5A-6B7C8D9E0F1A}.Debug|Any CPU.Build.0 = Debug|Any CPU
		{6D7E8F9A-0B1C-2D3E-4F5A-6B7C8D9E0F1A}.Release|Any CPU.ActiveCfg = Release|Any CPU
		{6D7E8F9A-0B1C-2D3E-4F5A-6B7C8D9E0F1A}.Release|Any CPU.Build.0 = Release|Any CPU
		{7E8F9A0B-1C2D-3E4F-5A6B-7C8D9E0F1A2B}.Debug|Any CPU.ActiveCfg = Debug|Any CPU
		{7E8F9A0B-1C2D-3E4F-5A6B-7C8D9E0F1A2B}.Debug|Any CPU.Build.0 = Debug|Any CPU
		{7E8F9A0B-1C2D-3E4F-5A6B-7C8D9E0F1A2B}.Release|Any CPU.ActiveCfg = Release|Any CPU
		{7E8F9A0B-1C2D-3E4F-5A6B-7C8D9E0F1A2B}.Release|Any CPU.Build.0 = Release|Any CPU
	EndGlobalSection
	GlobalSection(NestedProjects) = preSolution
		{1A2B3C4D-5E6F-7A8B-9C0D-1E2F3A4B5C6D} = {8C3E6F4D-8B5E-4F3E-9C3A-5D7E8F9A0B1C}
		{2B3C4D5E-6F7A-8B9C-0D1E-2F3A4B5C6D7E} = {8C3E6F4D-8B5E-4F3E-9C3A-5D7E8F9A0B1C}
		{3C4D5E6F-7A8B-9C0D-1E2F-3A4B5C6D7E8F} = {1A2B3C4D-5E6F-7A8B-9C0D-1E2F3A4B5C6D}
		{5E6F7A8B-9C0D-1E2F-3A4B-5C6D7E8F9A0B} = {1A2B3C4D-5E6F-7A8B-9C0D-1E2F3A4B5C6D}
		{6F7A8B9C-0D1E-2F3A-4B5C-6D7E8F9A0B1C} = {1A2B3C4D-5E6F-7A8B-9C0D-1E2F3A4B5C6D}
		{7A8B9C0D-1E2F-3A4B-5C6D-7E8F9A0B1C2D} = {1A2B3C4D-5E6F-7A8B-9C0D-1E2F3A4B5C6D}
		{8B9C0D1E-2F3A-4B5C-6D7E-8F9A0B1C2D3E} = {1A2B3C4D-5E6F-7A8B-9C0D-1E2F3A4B5C6D}
		{9C0D1E2F-3A4B-5C6D-7E8F-9A0B1C2D3E4F} = {3C4D5E6F-7A8B-9C0D-1E2F-3A4B5C6D7E8F}
		{0D1E2F3A-4B5C-6D7E-8F9A-0B1C2D3E4F5A} = {3C4D5E6F-7A8B-9C0D-1E2F-3A4B5C6D7E8F}
		{1E2F3A4B-5C6D-7E8F-9A0B-1C2D3E4F5A6B} = {3C4D5E6F-7A8B-9C0D-1E2F-3A4B5C6D7E8F}
		{2F3A4B5C-6D7E-8F9A-0B1C-2D3E4F5A6B7C} = {3C4D5E6F-7A8B-9C0D-1E2F-3A4B5C6D7E8F}
		{3A4B5C6D-7E8F-9A0B-1C2D-3E4F5A6B7C8D} = {3C4D5E6F-7A8B-9C0D-1E2F-3A4B5C6D7E8F}
		{4B5C6D7E-8F9A-0B1C-2D3E-4F5A6B7C8D9E} = {2B3C4D5E-6F7A-8B9C-0D1E-2F3A4B5C6D7E}
		{5C6D7E8F-9A0B-1C2D-3E4F-5A6B7C8D9E0F} = {4D5E6F7A-8B9C-0D1E-2F3A-4B5C6D7E8F9A}
		{6D7E8F9A-0B1C-2D3E-4F5A-6B7C8D9E0F1A} = {4D5E6F7A-8B9C-0D1E-2F3A-4B5C6D7E8F9A}
		{7E8F9A0B-1C2D-3E4F-5A6B-7C8D9E0F1A2B} = {4D5E6F7A-8B9C-0D1E-2F3A-4B5C6D7E8F9A}
	EndGlobalSection
EndGlobal
